
Microsoft Visual Studio Solution File, Format Version 12.00
# Visual Studio Version 17
VisualStudioVersion = 17.8.34309.116
MinimumVisualStudioVersion = 10.0.40219.1
Project("{9A19103F-16F7-4668-BE54-9A1E7A4F7556}") = "HotelSOL", "HotelSOL\HotelSOL.csproj", "{CA6C234F-14F3-49E4-B44E-167A1D674247}"
EndProject
Project("{FAE04EC0-301F-11D3-BF4B-00C04F79EFBC}") = "HotelSOLTEST", "HotelSOLTEST\HotelSOLTEST.csproj", "{E8FE0514-6B09-498D-B50D-3951C93C19F1}"
EndProject
Global
	GlobalSection(SolutionConfigurationPlatforms) = preSolution
		Debug|Any CPU = Debug|Any CPU
		Release|Any CPU = Release|Any CPU
	EndGlobalSection
	GlobalSection(ProjectConfigurationPlatforms) = postSolution
		{CA6C234F-14F3-49E4-B44E-167A1D674247}.Debug|Any CPU.ActiveCfg = Debug|Any CPU
		{CA6C234F-14F3-49E4-B44E-167A1D674247}.Debug|Any CPU.Build.0 = Debug|Any CPU
		{CA6C234F-14F3-49E4-B44E-167A1D674247}.Release|Any CPU.ActiveCfg = Release|Any CPU
		{CA6C234F-14F3-49E4-B44E-167A1D674247}.Release|Any CPU.Build.0 = Release|Any CPU
		{E8FE0514-6B09-498D-B50D-3951C93C19F1}.Debug|Any CPU.ActiveCfg = Debug|Any CPU
		{E8FE0514-6B09-498D-B50D-3951C93C19F1}.Debug|Any CPU.Build.0 = Debug|Any CPU
		{E8FE0514-6B09-498D-B50D-3951C93C19F1}.Release|Any CPU.ActiveCfg = Release|Any CPU
		{E8FE0514-6B09-498D-B50D-3951C93C19F1}.Release|Any CPU.Build.0 = Release|Any CPU
	EndGlobalSection
	GlobalSection(SolutionProperties) = preSolution
		HideSolutionNode = FALSE
	EndGlobalSection
	GlobalSection(ExtensibilityGlobals) = postSolution
		SolutionGuid = {2CF4EB54-E49C-4558-8B85-628DEC1F32B4}
	EndGlobalSection
EndGlobal
